{
  "version": 4,
  "terraform_version": "1.10.5",
  "serial": 30,
  "lineage": "a37aed98-5c37-5198-a9a4-b97db5adf7b9",
  "outputs": {},
  "resources": [
    {
      "mode": "data",
      "type": "archive_file",
      "name": "preprocess",
      "provider": "provider[\"registry.terraform.io/hashicorp/archive\"]",
      "instances": [
        {
          "schema_version": 0,
          "attributes": {
            "exclude_symlink_directories": null,
            "excludes": null,
            "id": "ad6e812fb2166935d2120c536a5130a4db9ed6c5",
            "output_base64sha256": "f/OTxSrvW+fALQa9DOq8R8KgUQJMETUkh/hv7cAFR6E=",
            "output_base64sha512": "JR+coGZEguO93SWFUEIvnAY/9n8FnqLL8qXas5J7ZNiwc5XNsd3QjU+y9SCD1OPyrgHPhN8DzFWSf0OQsYcDDA==",
            "output_file_mode": null,
            "output_md5": "a51184be384a577b461f662da1ea652a",
            "output_path": "./lambda/preprocess.zip",
            "output_sha": "ad6e812fb2166935d2120c536a5130a4db9ed6c5",
            "output_sha256": "7ff393c52aef5be7c02d06bd0ceabc47c2a051024c11352487f86fedc00547a1",
            "output_sha512": "251f9ca0664482e3bddd258550422f9c063ff67f059ea2cbf2a5dab3927b64d8b07395cdb1ddd08d4fb2f52083d4e3f2ae01cf84df03cc55927f4390b187030c",
            "output_size": 857,
            "source": [],
            "source_content": null,
            "source_content_filename": null,
            "source_dir": "./lambda/preprocess",
            "source_file": null,
            "type": "zip"
          },
          "sensitive_attributes": []
        }
      ]
    },
    {
      "mode": "managed",
      "type": "aws_iam_role",
      "name": "lambda_role",
      "provider": "provider[\"registry.terraform.io/hashicorp/aws\"]",
      "instances": [
        {
          "schema_version": 0,
          "attributes": {
            "arn": "arn:aws:iam::211125785534:role/mnist-lambda-role",
            "assume_role_policy": "{\"Statement\":[{\"Action\":\"sts:AssumeRole\",\"Effect\":\"Allow\",\"Principal\":{\"Service\":\"lambda.amazonaws.com\"}}],\"Version\":\"2012-10-17\"}",
            "create_date": "2025-02-20T13:46:03Z",
            "description": "",
            "force_detach_policies": false,
            "id": "mnist-lambda-role",
            "inline_policy": [
              {
                "name": "mnist-lambda-s3-access",
                "policy": "{\"Version\":\"2012-10-17\",\"Statement\":[{\"Action\":[\"s3:GetObject\",\"s3:PutObject\"],\"Effect\":\"Allow\",\"Resource\":\"arn:aws:s3:::terraform-bucket-alberto-renteria/*\"}]}"
              }
            ],
            "managed_policy_arns": [
              "arn:aws:iam::aws:policy/service-role/AWSLambdaBasicExecutionRole"
            ],
            "max_session_duration": 3600,
            "name": "mnist-lambda-role",
            "name_prefix": "",
            "path": "/",
            "permissions_boundary": null,
            "role_last_used": [
              {
                "last_used_date": "2025-02-24T00:16:14Z",
                "region": "us-east-2"
              }
            ],
            "tags": {},
            "tags_all": {},
            "unique_id": "AROATCKAT2O7F7A5YSN6U"
          },
          "sensitive_attributes": [],
          "private": "bnVsbA=="
        }
      ]
    },
    {
      "mode": "managed",
      "type": "aws_iam_role",
      "name": "sagemaker_role",
      "provider": "provider[\"registry.terraform.io/hashicorp/aws\"]",
      "instances": [
        {
          "schema_version": 0,
          "attributes": {
            "arn": "arn:aws:iam::211125785534:role/mnist-sagemaker-role",
            "assume_role_policy": "{\"Statement\":[{\"Action\":\"sts:AssumeRole\",\"Effect\":\"Allow\",\"Principal\":{\"Service\":\"sagemaker.amazonaws.com\"}}],\"Version\":\"2012-10-17\"}",
            "create_date": "2025-02-20T13:46:03Z",
            "description": "",
            "force_detach_policies": false,
            "id": "mnist-sagemaker-role",
            "inline_policy": [],
            "managed_policy_arns": [
              "arn:aws:iam::aws:policy/AmazonSageMakerFullAccess"
            ],
            "max_session_duration": 3600,
            "name": "mnist-sagemaker-role",
            "name_prefix": "",
            "path": "/",
            "permissions_boundary": null,
            "role_last_used": [
              {
                "last_used_date": "",
                "region": ""
              }
            ],
            "tags": {},
            "tags_all": {},
            "unique_id": "AROATCKAT2O7CLMNAMUNF"
          },
          "sensitive_attributes": [],
          "private": "bnVsbA=="
        }
      ]
    },
    {
      "mode": "managed",
      "type": "aws_iam_role",
      "name": "step_functions_role",
      "provider": "provider[\"registry.terraform.io/hashicorp/aws\"]",
      "instances": [
        {
          "schema_version": 0,
          "attributes": {
            "arn": "arn:aws:iam::211125785534:role/mnist-step-functions-role",
            "assume_role_policy": "{\"Statement\":[{\"Action\":\"sts:AssumeRole\",\"Effect\":\"Allow\",\"Principal\":{\"Service\":\"states.amazonaws.com\"}},{\"Action\":\"sts:AssumeRole\",\"Effect\":\"Allow\",\"Principal\":{\"Service\":\"sagemaker.amazonaws.com\"}}],\"Version\":\"2012-10-17\"}",
            "create_date": "2025-02-20T13:46:03Z",
            "description": "",
            "force_detach_policies": false,
            "id": "mnist-step-functions-role",
            "inline_policy": [
              {
                "name": "mnist-step-functions-policy",
                "policy": "{\"Version\":\"2012-10-17\",\"Statement\":[{\"Action\":[\"lambda:InvokeFunction\",\"s3:GetObject\",\"s3:PutObject\",\"s3:ListBucket\",\"iam:PassRole\",\"events:PutRule\",\"events:PutTargets\",\"sagemaker:CreateModel\",\"sagemaker:CreateEndpointConfig\",\"sagemaker:CreateEndpoint\",\"sagemaker:CreateTrainingJob\",\"sagemaker:CreateTransformJob\",\"sagemaker:CreateProcessingJob\",\"sagemaker:DescribeTrainingJob\",\"sagemaker:DescribeProcessingJob\",\"sagemaker:DescribeModel\",\"sagemaker:DeleteModel\",\"sagemaker:StopTrainingJob\",\"sagemaker:StopProcessingJob\",\"sagemaker:AddTags\",\"cloudwatch:PutMetricData\",\"logs:CreateLogStream\",\"logs:PutLogEvents\",\"logs:CreateLogGroup\",\"logs:DescribeLogStreams\",\"ecr:GetAuthorizationToken\",\"ecr:BatchCheckLayerAvailability\",\"ecr:GetDownloadUrlForLayer\",\"ecr:BatchGetImage\"],\"Effect\":\"Allow\",\"Resource\":[\"*\",\"arn:aws:iam::211125785534:role/mnist-sagemaker-role\"]},{\"Action\":[\"s3:GetObject\",\"s3:PutObject\"],\"Effect\":\"Allow\",\"Resource\":\"arn:aws:s3:::terraform-bucket-alberto-renteria/*\"},{\"Action\":\"s3:ListBucket\",\"Effect\":\"Allow\",\"Resource\":\"arn:aws:s3:::terraform-bucket-alberto-renteria\"}]}"
              }
            ],
            "managed_policy_arns": [],
            "max_session_duration": 3600,
            "name": "mnist-step-functions-role",
            "name_prefix": "",
            "path": "/",
            "permissions_boundary": null,
            "role_last_used": [
              {
                "last_used_date": "2025-02-27T02:49:53Z",
                "region": "us-east-2"
              }
            ],
            "tags": {},
            "tags_all": {},
            "unique_id": "AROATCKAT2O7JHASOHJIB"
          },
          "sensitive_attributes": [],
          "private": "bnVsbA=="
        }
      ]
    },
    {
      "mode": "managed",
      "type": "aws_iam_role_policy",
      "name": "lambda_s3_access",
      "provider": "provider[\"registry.terraform.io/hashicorp/aws\"]",
      "instances": [
        {
          "schema_version": 0,
          "attributes": {
            "id": "mnist-lambda-role:mnist-lambda-s3-access",
            "name": "mnist-lambda-s3-access",
            "name_prefix": null,
            "policy": "{\"Version\":\"2012-10-17\",\"Statement\":[{\"Action\":[\"s3:GetObject\",\"s3:PutObject\"],\"Effect\":\"Allow\",\"Resource\":\"arn:aws:s3:::terraform-bucket-alberto-renteria/*\"}]}",
            "role": "mnist-lambda-role"
          },
          "sensitive_attributes": [],
          "private": "bnVsbA==",
          "dependencies": [
            "aws_iam_role.lambda_role",
            "aws_s3_bucket.main"
          ]
        }
      ]
    },
    {
      "mode": "managed",
      "type": "aws_iam_role_policy",
      "name": "step_functions_policy",
      "provider": "provider[\"registry.terraform.io/hashicorp/aws\"]",
      "instances": [
        {
          "schema_version": 0,
          "attributes": {
            "id": "mnist-step-functions-role:mnist-step-functions-policy",
            "name": "mnist-step-functions-policy",
            "name_prefix": null,
            "policy": "{\"Version\":\"2012-10-17\",\"Statement\":[{\"Action\":[\"lambda:InvokeFunction\",\"s3:GetObject\",\"s3:PutObject\",\"s3:ListBucket\",\"iam:PassRole\",\"events:PutRule\",\"events:PutTargets\",\"sagemaker:CreateModel\",\"sagemaker:CreateEndpointConfig\",\"sagemaker:CreateEndpoint\",\"sagemaker:CreateTrainingJob\",\"sagemaker:CreateTransformJob\",\"sagemaker:CreateProcessingJob\",\"sagemaker:DescribeTrainingJob\",\"sagemaker:DescribeProcessingJob\",\"sagemaker:DescribeModel\",\"sagemaker:DeleteModel\",\"sagemaker:StopTrainingJob\",\"sagemaker:StopProcessingJob\",\"sagemaker:AddTags\",\"cloudwatch:PutMetricData\",\"logs:CreateLogStream\",\"logs:PutLogEvents\",\"logs:CreateLogGroup\",\"logs:DescribeLogStreams\",\"ecr:GetAuthorizationToken\",\"ecr:BatchCheckLayerAvailability\",\"ecr:GetDownloadUrlForLayer\",\"ecr:BatchGetImage\"],\"Effect\":\"Allow\",\"Resource\":[\"*\",\"arn:aws:iam::211125785534:role/mnist-sagemaker-role\"]},{\"Action\":[\"s3:GetObject\",\"s3:PutObject\"],\"Effect\":\"Allow\",\"Resource\":\"arn:aws:s3:::terraform-bucket-alberto-renteria/*\"},{\"Action\":\"s3:ListBucket\",\"Effect\":\"Allow\",\"Resource\":\"arn:aws:s3:::terraform-bucket-alberto-renteria\"}]}",
            "role": "mnist-step-functions-role"
          },
          "sensitive_attributes": [],
          "private": "bnVsbA==",
          "dependencies": [
            "aws_iam_role.sagemaker_role",
            "aws_iam_role.step_functions_role"
          ]
        }
      ]
    },
    {
      "mode": "managed",
      "type": "aws_iam_role_policy_attachment",
      "name": "lambda_basic",
      "provider": "provider[\"registry.terraform.io/hashicorp/aws\"]",
      "instances": [
        {
          "schema_version": 0,
          "attributes": {
            "id": "mnist-lambda-role-20250220134603958000000001",
            "policy_arn": "arn:aws:iam::aws:policy/service-role/AWSLambdaBasicExecutionRole",
            "role": "mnist-lambda-role"
          },
          "sensitive_attributes": [],
          "private": "bnVsbA==",
          "dependencies": [
            "aws_iam_role.lambda_role"
          ]
        }
      ]
    },
    {
      "mode": "managed",
      "type": "aws_iam_role_policy_attachment",
      "name": "sagemaker_full",
      "provider": "provider[\"registry.terraform.io/hashicorp/aws\"]",
      "instances": [
        {
          "schema_version": 0,
          "attributes": {
            "id": "mnist-sagemaker-role-20250220134603964600000002",
            "policy_arn": "arn:aws:iam::aws:policy/AmazonSageMakerFullAccess",
            "role": "mnist-sagemaker-role"
          },
          "sensitive_attributes": [],
          "private": "bnVsbA==",
          "dependencies": [
            "aws_iam_role.sagemaker_role"
          ]
        }
      ]
    },
    {
      "mode": "managed",
      "type": "aws_lambda_function",
      "name": "preprocess",
      "provider": "provider[\"registry.terraform.io/hashicorp/aws\"]",
      "instances": [
        {
          "schema_version": 0,
          "attributes": {
            "architectures": [
              "x86_64"
            ],
            "arn": "arn:aws:lambda:us-east-2:211125785534:function:mnist-preprocess",
            "code_signing_config_arn": "",
            "dead_letter_config": [],
            "description": "",
            "environment": [
              {
                "variables": {
                  "BUCKET_NAME": "terraform-bucket-alberto-renteria"
                }
              }
            ],
            "ephemeral_storage": [
              {
                "size": 512
              }
            ],
            "file_system_config": [],
            "filename": "./lambda/preprocess.zip",
            "function_name": "mnist-preprocess",
            "handler": "lambda_function.lambda_handler",
            "id": "mnist-preprocess",
            "image_config": [],
            "image_uri": "",
            "invoke_arn": "arn:aws:apigateway:us-east-2:lambda:path/2015-03-31/functions/arn:aws:lambda:us-east-2:211125785534:function:mnist-preprocess/invocations",
            "kms_key_arn": "",
            "last_modified": "2025-02-20T14:14:55.577+0000",
            "layers": [],
            "memory_size": 256,
            "package_type": "Zip",
            "publish": false,
            "qualified_arn": "arn:aws:lambda:us-east-2:211125785534:function:mnist-preprocess:$LATEST",
            "qualified_invoke_arn": "arn:aws:apigateway:us-east-2:lambda:path/2015-03-31/functions/arn:aws:lambda:us-east-2:211125785534:function:mnist-preprocess:$LATEST/invocations",
            "replace_security_groups_on_destroy": null,
            "replacement_security_group_ids": null,
            "reserved_concurrent_executions": -1,
            "role": "arn:aws:iam::211125785534:role/mnist-lambda-role",
            "runtime": "python3.8",
            "s3_bucket": null,
            "s3_key": null,
            "s3_object_version": null,
            "signing_job_arn": "",
            "signing_profile_version_arn": "",
            "skip_destroy": false,
            "snap_start": [],
            "source_code_hash": "f/OTxSrvW+fALQa9DOq8R8KgUQJMETUkh/hv7cAFR6E=",
            "source_code_size": 857,
            "tags": {},
            "tags_all": {},
            "timeout": 60,
            "timeouts": null,
            "tracing_config": [
              {
                "mode": "PassThrough"
              }
            ],
            "version": "$LATEST",
            "vpc_config": []
          },
          "sensitive_attributes": [],
          "private": "eyJlMmJmYjczMC1lY2FhLTExZTYtOGY4OC0zNDM2M2JjN2M0YzAiOnsiY3JlYXRlIjo2MDAwMDAwMDAwMDAsImRlbGV0ZSI6NjAwMDAwMDAwMDAwLCJ1cGRhdGUiOjYwMDAwMDAwMDAwMH19",
          "dependencies": [
            "aws_iam_role.lambda_role",
            "aws_s3_bucket.main",
            "data.archive_file.preprocess"
          ]
        }
      ]
    },
    {
      "mode": "managed",
      "type": "aws_s3_bucket",
      "name": "main",
      "provider": "provider[\"registry.terraform.io/hashicorp/aws\"]",
      "instances": [
        {
          "schema_version": 0,
          "attributes": {
            "acceleration_status": "",
            "acl": null,
            "arn": "arn:aws:s3:::terraform-bucket-alberto-renteria",
            "bucket": "terraform-bucket-alberto-renteria",
            "bucket_domain_name": "terraform-bucket-alberto-renteria.s3.amazonaws.com",
            "bucket_prefix": "",
            "bucket_regional_domain_name": "terraform-bucket-alberto-renteria.s3.us-east-2.amazonaws.com",
            "cors_rule": [],
            "force_destroy": true,
            "grant": [
              {
                "id": "4e43ecae4c1066c0987a8a827caf45a42fa6273a9f4acc5b4f6f79223cd66691",
                "permissions": [
                  "FULL_CONTROL"
                ],
                "type": "CanonicalUser",
                "uri": ""
              }
            ],
            "hosted_zone_id": "Z2O1EMRO9K5GLX",
            "id": "terraform-bucket-alberto-renteria",
            "lifecycle_rule": [],
            "logging": [],
            "object_lock_configuration": [],
            "object_lock_enabled": false,
            "policy": "{\"Statement\":[{\"Action\":[\"s3:GetObject\",\"s3:PutObject\"],\"Effect\":\"Allow\",\"Principal\":\"*\",\"Resource\":\"arn:aws:s3:::terraform-bucket-alberto-renteria/*\"}],\"Version\":\"2012-10-17\"}",
            "region": "us-east-2",
            "replication_configuration": [],
            "request_payer": "BucketOwner",
            "server_side_encryption_configuration": [
              {
                "rule": [
                  {
                    "apply_server_side_encryption_by_default": [
                      {
                        "kms_master_key_id": "",
                        "sse_algorithm": "AES256"
                      }
                    ],
                    "bucket_key_enabled": false
                  }
                ]
              }
            ],
            "tags": {},
            "tags_all": {},
            "timeouts": null,
            "versioning": [
              {
                "enabled": false,
                "mfa_delete": false
              }
            ],
            "website": [],
            "website_domain": null,
            "website_endpoint": null
          },
          "sensitive_attributes": [],
          "private": "eyJlMmJmYjczMC1lY2FhLTExZTYtOGY4OC0zNDM2M2JjN2M0YzAiOnsiY3JlYXRlIjoxMjAwMDAwMDAwMDAwLCJkZWxldGUiOjM2MDAwMDAwMDAwMDAsInJlYWQiOjEyMDAwMDAwMDAwMDAsInVwZGF0ZSI6MTIwMDAwMDAwMDAwMH19"
        }
      ]
    },
    {
      "mode": "managed",
      "type": "aws_s3_bucket_policy",
      "name": "main",
      "provider": "provider[\"registry.terraform.io/hashicorp/aws\"]",
      "instances": [
        {
          "schema_version": 0,
          "attributes": {
            "bucket": "terraform-bucket-alberto-renteria",
            "id": "terraform-bucket-alberto-renteria",
            "policy": "{\"Statement\":[{\"Action\":[\"s3:GetObject\",\"s3:PutObject\"],\"Effect\":\"Allow\",\"Principal\":\"*\",\"Resource\":\"arn:aws:s3:::terraform-bucket-alberto-renteria/*\"}],\"Version\":\"2012-10-17\"}"
          },
          "sensitive_attributes": [],
          "private": "bnVsbA==",
          "dependencies": [
            "aws_s3_bucket.main"
          ]
        }
      ]
    },
    {
      "mode": "managed",
      "type": "aws_s3_bucket_public_access_block",
      "name": "main",
      "provider": "provider[\"registry.terraform.io/hashicorp/aws\"]",
      "instances": [
        {
          "schema_version": 0,
          "attributes": {
            "block_public_acls": false,
            "block_public_policy": false,
            "bucket": "terraform-bucket-alberto-renteria",
            "id": "terraform-bucket-alberto-renteria",
            "ignore_public_acls": false,
            "restrict_public_buckets": false
          },
          "sensitive_attributes": [],
          "private": "bnVsbA==",
          "dependencies": [
            "aws_s3_bucket.main"
          ]
        }
      ]
    },
    {
      "mode": "managed",
      "type": "aws_sfn_state_machine",
      "name": "pipeline",
      "provider": "provider[\"registry.terraform.io/hashicorp/aws\"]",
      "instances": [
        {
          "schema_version": 0,
          "attributes": {
            "arn": "arn:aws:states:us-east-2:211125785534:stateMachine:mnist-pipeline",
            "creation_date": "2025-02-20T14:41:27Z",
            "definition": "  {\n    \"Comment\": \"MNIST Pipeline\",\n    \"StartAt\": \"PreprocessData\",\n    \"QueryLanguage\": \"JSONata\",\n    \"States\": {\n      \"PreprocessData\": {\n        \"Resource\": \"arn:aws:lambda:us-east-2:211125785534:function:mnist-preprocess\",\n        \"Type\": \"Task\",\n        \"Next\": \"Standardization\"\n      },\n\n      \"Standardization\": {\n        \"Resource\": \"arn:aws:states:::sagemaker:createProcessingJob.sync\",\n        \"Arguments\": {\n          \"ProcessingResources\": {\n            \"ClusterConfig\": {\n              \"InstanceCount\": 1,\n              \"InstanceType\": \"ml.m5.large\",\n              \"VolumeSizeInGB\": 10\n            }\n          },\n          \"ProcessingInputs\": [\n            {\n              \"InputName\": \"input-1\",\n              \"S3Input\": {\n                \"S3Uri\": \"s3://terraform-bucket-alberto-renteria/input/raw.csv\",\n                \"LocalPath\": \"/opt/ml/processing/input\",\n                \"S3DataType\": \"S3Prefix\",\n                \"S3InputMode\": \"File\",\n                \"S3DataDistributionType\": \"FullyReplicated\",\n                \"S3CompressionType\": \"None\"\n              }\n            },\n            {\n              \"InputName\": \"code\",\n              \"S3Input\": {\n                \"S3Uri\": \"s3://terraform-bucket-alberto-renteria/code/transform.py\",\n                \"LocalPath\": \"/opt/ml/processing/input/code\",\n                \"S3DataType\": \"S3Prefix\",\n                \"S3InputMode\": \"File\",\n                \"S3DataDistributionType\": \"FullyReplicated\",\n                \"S3CompressionType\": \"None\"\n              }\n            }\n          ],\n          \"ProcessingOutputConfig\": {\n            \"Outputs\": [\n              {\n                \"OutputName\": \"train_data\",\n                \"S3Output\": {\n                  \"S3Uri\": \"s3://terraform-bucket-alberto-renteria/train\",\n                  \"LocalPath\": \"/opt/ml/processing/output/train\",\n                  \"S3UploadMode\": \"EndOfJob\"\n                }\n              }\n            ]\n          },\n          \"AppSpecification\": {\n            \"ImageUri\": \"257758044811.dkr.ecr.us-east-2.amazonaws.com/sagemaker-scikit-learn:0.20.0-cpu-py3\",\n            \"ContainerEntrypoint\": [\n              \"python3\",\n              \"/opt/ml/processing/input/code/transform.py\"\n            ]\n          },\n          \"StoppingCondition\": {\n            \"MaxRuntimeInSeconds\": 300\n          },\n          \"RoleArn\": \"arn:aws:iam::211125785534:role/mnist-step-functions-role\",\n          \"ProcessingJobName\": \"{% $states.context.Execution.Name %}\"\n        },\n        \"Type\": \"Task\",\n        \"Next\": \"Train model (XGBoost)\"\n      },\n\n      \"Train model (XGBoost)\": {\n        \"Resource\": \"arn:aws:states:::sagemaker:createTrainingJob.sync\",\n        \"Arguments\": {\n          \"AlgorithmSpecification\": {\n            \"TrainingImage\": \"825641698319.dkr.ecr.us-east-2.amazonaws.com/xgboost:latest\",\n            \"TrainingInputMode\": \"File\"\n          },\n          \"OutputDataConfig\": {\n            \"S3OutputPath\": \"s3://terraform-bucket-alberto-renteria/models\"\n          },\n          \"StoppingCondition\": {\n            \"MaxRuntimeInSeconds\": 86400\n          },\n          \"ResourceConfig\": {\n            \"InstanceCount\": 1,\n            \"InstanceType\": \"ml.m5.large\",\n            \"VolumeSizeInGB\": 30\n          },\n          \"RoleArn\": \"arn:aws:iam::211125785534:role/mnist-step-functions-role\",\n          \"InputDataConfig\": [\n            {\n              \"DataSource\": {\n                \"S3DataSource\": {\n                  \"S3DataDistributionType\": \"ShardedByS3Key\",\n                  \"S3DataType\": \"S3Prefix\",\n                  \"S3Uri\": \"s3://terraform-bucket-alberto-renteria/train\"\n                }\n              },\n              \"ChannelName\": \"train\",\n              \"ContentType\": \"text/csv\"\n            }\n          ],\n          \"HyperParameters\": {\n            \"objective\": \"reg:logistic\",\n            \"eval_metric\": \"rmse\",\n            \"num_round\": \"5\"\n          },\n          \"TrainingJobName\": \"{% $states.context.Execution.Name %}\"\n        },\n        \"Type\": \"Task\",\n        \"Next\": \"SageMaker CreateModel\"\n      },\n\n      \"SageMaker CreateModel\": {\n        \"Resource\": \"arn:aws:states:::sagemaker:createModel\",\n        \"Arguments\": {\n          \"ExecutionRoleArn\": \"arn:aws:iam::211125785534:role/mnist-step-functions-role\",\n          \"ModelName\": \"mnist-xgboost-model\",\n          \"PrimaryContainer\": {\n            \"Image\": \"825641698319.dkr.ecr.us-east-2.amazonaws.com/xgboost:latest\",\n            \"ModelDataUrl\": \"{% $states.input.ModelArtifacts.S3ModelArtifacts %}\"\n          }\n        },\n        \"Type\": \"Task\",\n        \"Next\": \"SageMaker CreateEndpointConfig\"\n      },\n\n      \"SageMaker CreateEndpointConfig\": {\n        \"Type\": \"Task\",\n        \"Resource\": \"arn:aws:states:::sagemaker:createEndpointConfig\",\n        \"Arguments\": {\n          \"EndpointConfigName\": \"mnist-endpoint-config\",\n          \"ProductionVariants\": [\n            {\n              \"ModelName\": \"mnist-xgboost-model\",\n              \"VariantName\": \"AllTraffic\",\n              \"InitialInstanceCount\": 1,\n              \"InstanceType\": \"ml.m5.large\"\n            }\n          ]\n        },\n        \"Next\": \"SageMaker CreateEndpoint\"\n      },\n\n      \"SageMaker CreateEndpoint\": {\n        \"Type\": \"Task\",\n        \"Resource\": \"arn:aws:states:::sagemaker:createEndpoint\",\n        \"Arguments\": {\n          \"EndpointName\": \"mnist-endpoint\",\n          \"EndpointConfigName\": \"mnist-endpoint-config\"\n        },\n        \"End\": true\n      }\n    }\n  }\n",
            "id": "arn:aws:states:us-east-2:211125785534:stateMachine:mnist-pipeline",
            "logging_configuration": [
              {
                "include_execution_data": false,
                "level": "OFF",
                "log_destination": ""
              }
            ],
            "name": "mnist-pipeline",
            "name_prefix": "",
            "role_arn": "arn:aws:iam::211125785534:role/mnist-step-functions-role",
            "status": "ACTIVE",
            "tags": {},
            "tags_all": {},
            "timeouts": null,
            "tracing_configuration": [
              {
                "enabled": false
              }
            ],
            "type": "STANDARD"
          },
          "sensitive_attributes": [],
          "private": "eyJlMmJmYjczMC1lY2FhLTExZTYtOGY4OC0zNDM2M2JjN2M0YzAiOnsiY3JlYXRlIjozMDAwMDAwMDAwMDAsImRlbGV0ZSI6MzAwMDAwMDAwMDAwLCJ1cGRhdGUiOjYwMDAwMDAwMDAwfX0=",
          "dependencies": [
            "aws_iam_role.lambda_role",
            "aws_iam_role.step_functions_role",
            "aws_lambda_function.preprocess",
            "aws_s3_bucket.main",
            "data.archive_file.preprocess"
          ]
        }
      ]
    }
  ],
  "check_results": null
}
